<?xml version="1.0" encoding="utf-8"?>
<Project ToolsVersion="16.0" xmlns="http://schemas.microsoft.com/developer/msbuild/2003">
  <ItemGroup>
    <ClCompile Include="C:\Users\seano\Downloads\xcube2d-master\xcube2d\src\demo\Main.cpp">
      <Filter>Source Files</Filter>
    </ClCompile>
    <ClCompile Include="C:\Users\seano\Downloads\xcube2d-master\xcube2d\src\demo\MyGame.cpp">
      <Filter>Source Files</Filter>
    </ClCompile>
    <ClCompile Include="C:\Users\seano\Downloads\xcube2d-master\xcube2d\src\engine\AbstractGame.cpp">
      <Filter>Source Files</Filter>
    </ClCompile>
    <ClCompile Include="C:\Users\seano\Downloads\xcube2d-master\xcube2d\src\engine\AudioEngine.cpp">
      <Filter>Source Files</Filter>
    </ClCompile>
    <ClCompile Include="C:\Users\seano\Downloads\xcube2d-master\xcube2d\src\engine\EventEngine.cpp">
      <Filter>Source Files</Filter>
    </ClCompile>
    <ClCompile Include="C:\Users\seano\Downloads\xcube2d-master\xcube2d\src\engine\GraphicsEngine.cpp">
      <Filter>Source Files</Filter>
    </ClCompile>
    <ClCompile Include="C:\Users\seano\Downloads\xcube2d-master\xcube2d\src\engine\PhysicsEngine.cpp">
      <Filter>Source Files</Filter>
    </ClCompile>
    <ClCompile Include="C:\Users\seano\Downloads\xcube2d-master\xcube2d\src\engine\ResourceManager.cpp">
      <Filter>Source Files</Filter>
    </ClCompile>
    <ClCompile Include="C:\Users\seano\Downloads\xcube2d-master\xcube2d\src\engine\Timer.cpp">
      <Filter>Source Files</Filter>
    </ClCompile>
    <ClCompile Include="C:\Users\seano\Downloads\xcube2d-master\xcube2d\src\engine\XCube2d.cpp">
      <Filter>Source Files</Filter>
    </ClCompile>
    <ClCompile Include="C:\Users\seano\Downloads\xcube2d-master\xcube2d\src\engine\custom\MyEngineSystem.cpp">
      <Filter>Source Files</Filter>
    </ClCompile>
  </ItemGroup>
  <ItemGroup>
    <ClInclude Include="C:\Users\seano\Downloads\xcube2d-master\xcube2d\src\demo\MyGame.h">
      <Filter>Header Files</Filter>
    </ClInclude>
    <ClInclude Include="C:\Users\seano\Downloads\xcube2d-master\xcube2d\src\engine\AbstractGame.h">
      <Filter>Header Files</Filter>
    </ClInclude>
    <ClInclude Include="C:\Users\seano\Downloads\xcube2d-master\xcube2d\src\engine\AudioEngine.h">
      <Filter>Header Files</Filter>
    </ClInclude>
    <ClInclude Include="C:\Users\seano\Downloads\xcube2d-master\xcube2d\src\engine\EngineCommon.h">
      <Filter>Header Files</Filter>
    </ClInclude>
    <ClInclude Include="C:\Users\seano\Downloads\xcube2d-master\xcube2d\src\engine\EventEngine.h">
      <Filter>Header Files</Filter>
    </ClInclude>
    <ClInclude Include="C:\Users\seano\Downloads\xcube2d-master\xcube2d\src\engine\GameMath.h">
      <Filter>Header Files</Filter>
    </ClInclude>
    <ClInclude Include="C:\Users\seano\Downloads\xcube2d-master\xcube2d\src\engine\GraphicsEngine.h">
      <Filter>Header Files</Filter>
    </ClInclude>
    <ClInclude Include="C:\Users\seano\Downloads\xcube2d-master\xcube2d\src\engine\PhysicsEngine.h">
      <Filter>Header Files</Filter>
    </ClInclude>
    <ClInclude Include="C:\Users\seano\Downloads\xcube2d-master\xcube2d\src\engine\ResourceManager.h">
      <Filter>Header Files</Filter>
    </ClInclude>
    <ClInclude Include="C:\Users\seano\Downloads\xcube2d-master\xcube2d\src\engine\Timer.h">
      <Filter>Header Files</Filter>
    </ClInclude>
    <ClInclude Include="C:\Users\seano\Downloads\xcube2d-master\xcube2d\src\engine\XCube2d.h">
      <Filter>Header Files</Filter>
    </ClInclude>
    <ClInclude Include="C:\Users\seano\Downloads\xcube2d-master\xcube2d\src\engine\custom\MyEngineSystem.h">
      <Filter>Header Files</Filter>
    </ClInclude>
  </ItemGroup>
  <ItemGroup>
    <CustomBuild Include="C:\Users\seano\Downloads\xcube2d-master\xcube2d\CMakeLists.txt" />
  </ItemGroup>
  <ItemGroup>
    <Filter Include="Header Files">
      <UniqueIdentifier>{A56EAC08-CFE0-344B-99FD-E5A0B81FF56B}</UniqueIdentifier>
    </Filter>
    <Filter Include="Source Files">
      <UniqueIdentifier>{6E0AD07C-6600-3147-8A50-44A0E7FB42D2}</UniqueIdentifier>
    </Filter>
  </ItemGroup>
</Project>
